
Microsoft Visual Studio Solution File, Format Version 12.00
# Visual Studio Version 16
VisualStudioVersion = 16.0.29215.179
MinimumVisualStudioVersion = 10.0.40219.1
Project("{FAE04EC0-301F-11D3-BF4B-00C04F79EFBC}") = "Bai 1", "Bai 1\Bai 1.csproj", "{E784AD76-CD37-4DC5-96BC-4D029D64BA83}"
EndProject
Project("{FAE04EC0-301F-11D3-BF4B-00C04F79EFBC}") = "Bai 2", "Bai 2\Bai 2.csproj", "{8D731F61-9E67-451F-896E-1F0E346A29D5}"
EndProject
Project("{FAE04EC0-301F-11D3-BF4B-00C04F79EFBC}") = "Bai 3", "Bai 3\Bai 3.csproj", "{8F4D0EEA-A7A3-49BC-9DBD-760D539F4FFE}"
EndProject
Project("{FAE04EC0-301F-11D3-BF4B-00C04F79EFBC}") = "Bai 4", "Bai 4\Bai 4.csproj", "{F497E6F4-35EA-4E48-919F-F35B311A12DD}"
EndProject
Project("{FAE04EC0-301F-11D3-BF4B-00C04F79EFBC}") = "Bai 5", "Bai 5\Bai 5.csproj", "{799497DB-0F07-4B03-AEFB-349474D84706}"
EndProject
Project("{FAE04EC0-301F-11D3-BF4B-00C04F79EFBC}") = "Bai 6", "Bai 6\Bai 6.csproj", "{99A562E8-46C7-47E3-8A8C-EAC61AD259B3}"
EndProject
Project("{FAE04EC0-301F-11D3-BF4B-00C04F79EFBC}") = "Bai 7", "Bai 7\Bai 7.csproj", "{D8869A74-87E5-4031-A499-6ECDB3B22B3A}"
EndProject
Project("{FAE04EC0-301F-11D3-BF4B-00C04F79EFBC}") = "Bai 8", "Bai 8\Bai 8.csproj", "{DDF47B16-DAFD-404F-9E22-9DA2B4DD2605}"
EndProject
Project("{FAE04EC0-301F-11D3-BF4B-00C04F79EFBC}") = "Bai 9", "Bai 9\Bai 9.csproj", "{E7AB0987-CCC9-4A76-90C1-E053DC4E0B9F}"
EndProject
Project("{FAE04EC0-301F-11D3-BF4B-00C04F79EFBC}") = "Bai 10", "Bai 10\Bai 10.csproj", "{74E3F17A-D26E-40BE-9128-A026F2FAF9D2}"
EndProject
Project("{FAE04EC0-301F-11D3-BF4B-00C04F79EFBC}") = "Bai 11", "Bai 11\Bai 11.csproj", "{5A4AA962-B422-499E-9BB6-A0E69A9BA6BB}"
EndProject
Global
	GlobalSection(SolutionConfigurationPlatforms) = preSolution
		Debug|Any CPU = Debug|Any CPU
		Release|Any CPU = Release|Any CPU
	EndGlobalSection
	GlobalSection(ProjectConfigurationPlatforms) = postSolution
		{E784AD76-CD37-4DC5-96BC-4D029D64BA83}.Debug|Any CPU.ActiveCfg = Debug|Any CPU
		{E784AD76-CD37-4DC5-96BC-4D029D64BA83}.Debug|Any CPU.Build.0 = Debug|Any CPU
		{E784AD76-CD37-4DC5-96BC-4D029D64BA83}.Release|Any CPU.ActiveCfg = Release|Any CPU
		{E784AD76-CD37-4DC5-96BC-4D029D64BA83}.Release|Any CPU.Build.0 = Release|Any CPU
		{8D731F61-9E67-451F-896E-1F0E346A29D5}.Debug|Any CPU.ActiveCfg = Debug|Any CPU
		{8D731F61-9E67-451F-896E-1F0E346A29D5}.Debug|Any CPU.Build.0 = Debug|Any CPU
		{8D731F61-9E67-451F-896E-1F0E346A29D5}.Release|Any CPU.ActiveCfg = Release|Any CPU
		{8D731F61-9E67-451F-896E-1F0E346A29D5}.Release|Any CPU.Build.0 = Release|Any CPU
		{8F4D0EEA-A7A3-49BC-9DBD-760D539F4FFE}.Debug|Any CPU.ActiveCfg = Debug|Any CPU
		{8F4D0EEA-A7A3-49BC-9DBD-760D539F4FFE}.Debug|Any CPU.Build.0 = Debug|Any CPU
		{8F4D0EEA-A7A3-49BC-9DBD-760D539F4FFE}.Release|Any CPU.ActiveCfg = Release|Any CPU
		{8F4D0EEA-A7A3-49BC-9DBD-760D539F4FFE}.Release|Any CPU.Build.0 = Release|Any CPU
		{F497E6F4-35EA-4E48-919F-F35B311A12DD}.Debug|Any CPU.ActiveCfg = Debug|Any CPU
		{F497E6F4-35EA-4E48-919F-F35B311A12DD}.Debug|Any CPU.Build.0 = Debug|Any CPU
		{F497E6F4-35EA-4E48-919F-F35B311A12DD}.Release|Any CPU.ActiveCfg = Release|Any CPU
		{F497E6F4-35EA-4E48-919F-F35B311A12DD}.Release|Any CPU.Build.0 = Release|Any CPU
		{799497DB-0F07-4B03-AEFB-349474D84706}.Debug|Any CPU.ActiveCfg = Debug|Any CPU
		{799497DB-0F07-4B03-AEFB-349474D84706}.Debug|Any CPU.Build.0 = Debug|Any CPU
		{799497DB-0F07-4B03-AEFB-349474D84706}.Release|Any CPU.ActiveCfg = Release|Any CPU
		{799497DB-0F07-4B03-AEFB-349474D84706}.Release|Any CPU.Build.0 = Release|Any CPU
		{99A562E8-46C7-47E3-8A8C-EAC61AD259B3}.Debug|Any CPU.ActiveCfg = Debug|Any CPU
		{99A562E8-46C7-47E3-8A8C-EAC61AD259B3}.Debug|Any CPU.Build.0 = Debug|Any CPU
		{99A562E8-46C7-47E3-8A8C-EAC61AD259B3}.Release|Any CPU.ActiveCfg = Release|Any CPU
		{99A562E8-46C7-47E3-8A8C-EAC61AD259B3}.Release|Any CPU.Build.0 = Release|Any CPU
		{D8869A74-87E5-4031-A499-6ECDB3B22B3A}.Debug|Any CPU.ActiveCfg = Debug|Any CPU
		{D8869A74-87E5-4031-A499-6ECDB3B22B3A}.Debug|Any CPU.Build.0 = Debug|Any CPU
		{D8869A74-87E5-4031-A499-6ECDB3B22B3A}.Release|Any CPU.ActiveCfg = Release|Any CPU
		{D8869A74-87E5-4031-A499-6ECDB3B22B3A}.Release|Any CPU.Build.0 = Release|Any CPU
		{DDF47B16-DAFD-404F-9E22-9DA2B4DD2605}.Debug|Any CPU.ActiveCfg = Debug|Any CPU
		{DDF47B16-DAFD-404F-9E22-9DA2B4DD2605}.Debug|Any CPU.Build.0 = Debug|Any CPU
		{DDF47B16-DAFD-404F-9E22-9DA2B4DD2605}.Release|Any CPU.ActiveCfg = Release|Any CPU
		{DDF47B16-DAFD-404F-9E22-9DA2B4DD2605}.Release|Any CPU.Build.0 = Release|Any CPU
		{E7AB0987-CCC9-4A76-90C1-E053DC4E0B9F}.Debug|Any CPU.ActiveCfg = Debug|Any CPU
		{E7AB0987-CCC9-4A76-90C1-E053DC4E0B9F}.Debug|Any CPU.Build.0 = Debug|Any CPU
		{E7AB0987-CCC9-4A76-90C1-E053DC4E0B9F}.Release|Any CPU.ActiveCfg = Release|Any CPU
		{E7AB0987-CCC9-4A76-90C1-E053DC4E0B9F}.Release|Any CPU.Build.0 = Release|Any CPU
		{74E3F17A-D26E-40BE-9128-A026F2FAF9D2}.Debug|Any CPU.ActiveCfg = Debug|Any CPU
		{74E3F17A-D26E-40BE-9128-A026F2FAF9D2}.Debug|Any CPU.Build.0 = Debug|Any CPU
		{74E3F17A-D26E-40BE-9128-A026F2FAF9D2}.Release|Any CPU.ActiveCfg = Release|Any CPU
		{74E3F17A-D26E-40BE-9128-A026F2FAF9D2}.Release|Any CPU.Build.0 = Release|Any CPU
		{5A4AA962-B422-499E-9BB6-A0E69A9BA6BB}.Debug|Any CPU.ActiveCfg = Debug|Any CPU
		{5A4AA962-B422-499E-9BB6-A0E69A9BA6BB}.Debug|Any CPU.Build.0 = Debug|Any CPU
		{5A4AA962-B422-499E-9BB6-A0E69A9BA6BB}.Release|Any CPU.ActiveCfg = Release|Any CPU
		{5A4AA962-B422-499E-9BB6-A0E69A9BA6BB}.Release|Any CPU.Build.0 = Release|Any CPU
	EndGlobalSection
	GlobalSection(SolutionProperties) = preSolution
		HideSolutionNode = FALSE
	EndGlobalSection
	GlobalSection(ExtensibilityGlobals) = postSolution
		SolutionGuid = {F7485B74-AA7D-4A30-9B89-E3C23F603DFE}
	EndGlobalSection
EndGlobal
